{
  "version": "3",
  "packages": {
    "specifiers": {
      "jsr:@hono/hono@^4.6.1": "jsr:@hono/hono@4.6.1",
      "jsr:@std/dotenv": "jsr:@std/dotenv@0.225.2",
      "npm:@libsql/client@^0.10.0": "npm:@libsql/client@0.10.0",
      "npm:@types/node": "npm:@types/node@18.16.19",
      "npm:csv-parser@^3.0.0": "npm:csv-parser@3.0.0"
    },
    "jsr": {
      "@hono/hono@4.6.1": {
        "integrity": "993704e3a2fa8e965c2fa46c57fc038bd277e781a982d3bf0fb278f6671b195f"
      },
      "@std/dotenv@0.225.2": {
        "integrity": "e2025dce4de6c7bca21dece8baddd4262b09d5187217e231b033e088e0c4dd23"
      }
    },
    "npm": {
      "@libsql/client@0.10.0": {
        "integrity": "sha512-2ERn08T4XOVx34yBtUPq0RDjAdd9TJ5qNH/izugr208ml2F94mk92qC64kXyDVQINodWJvp3kAdq6P4zTtCZ7g==",
        "dependencies": {
          "@libsql/core": "@libsql/core@0.10.0",
          "@libsql/hrana-client": "@libsql/hrana-client@0.6.2",
          "js-base64": "js-base64@3.7.7",
          "libsql": "libsql@0.4.4",
          "promise-limit": "promise-limit@2.7.0"
        }
      },
      "@libsql/core@0.10.0": {
        "integrity": "sha512-rqynAXGaiSpTsykOZdBtI1N4z4O+KZ6mt33K/aHeXAY0gSIfK/ctxuWa0Y1Bjo4FMz1idBTCXz4Ps5kITOvZZw==",
        "dependencies": {
          "js-base64": "js-base64@3.7.7"
        }
      },
      "@libsql/darwin-arm64@0.4.4": {
        "integrity": "sha512-2JauQh/A5KNBO5FAeZpeZ12v+OtNBSBwN2fHq6q59dpVL0Jfe5CsYWIlKxionN/0R8QxHumQw4QWqrhqtlE9Vg==",
        "dependencies": {}
      },
      "@libsql/darwin-x64@0.4.4": {
        "integrity": "sha512-Yajb7sp0hZ5d9w4ZXojTu2mC7oFQ7U+IVfq5X8pSTa7uOBpxpQ4H5CQcawA3r0vDnVoS+li32bIrqaGiyAvNsQ==",
        "dependencies": {}
      },
      "@libsql/hrana-client@0.6.2": {
        "integrity": "sha512-MWxgD7mXLNf9FXXiM0bc90wCjZSpErWKr5mGza7ERy2FJNNMXd7JIOv+DepBA1FQTIfI8TFO4/QDYgaQC0goNw==",
        "dependencies": {
          "@libsql/isomorphic-fetch": "@libsql/isomorphic-fetch@0.2.5",
          "@libsql/isomorphic-ws": "@libsql/isomorphic-ws@0.1.5",
          "js-base64": "js-base64@3.7.7",
          "node-fetch": "node-fetch@3.3.2"
        }
      },
      "@libsql/isomorphic-fetch@0.2.5": {
        "integrity": "sha512-8s/B2TClEHms2yb+JGpsVRTPBfy1ih/Pq6h6gvyaNcYnMVJvgQRY7wAa8U2nD0dppbCuDU5evTNMEhrQ17ZKKg==",
        "dependencies": {}
      },
      "@libsql/isomorphic-ws@0.1.5": {
        "integrity": "sha512-DtLWIH29onUYR00i0GlQ3UdcTRC6EP4u9w/h9LxpUZJWRMARk6dQwZ6Jkd+QdwVpuAOrdxt18v0K2uIYR3fwFg==",
        "dependencies": {
          "@types/ws": "@types/ws@8.5.12",
          "ws": "ws@8.18.0"
        }
      },
      "@libsql/linux-arm64-gnu@0.4.4": {
        "integrity": "sha512-lAsuCpfnS6Cr7IOjDsRFAC3vfouJm3G/Rz14nLNxGKIQV/rWX7wLFKIxYvwFQQvw0f7VdJwjUg1rkq9kGOMBTA==",
        "dependencies": {}
      },
      "@libsql/linux-arm64-musl@0.4.4": {
        "integrity": "sha512-Icp1HY5gLB2fsOsnbh9sAz++dXipedoH3LI/BRHDFXlCvm2Ph45Sy9gOYOFUfNq3SZKOuy1cqVvQremySiElmg==",
        "dependencies": {}
      },
      "@libsql/linux-x64-gnu@0.4.4": {
        "integrity": "sha512-ZRMAjMEo2TdbppfqHXkvzh7iWb4OxjA4ZTcxMIP7745eJocIarexHHYR4GHVp3e3sqiM7Wg63EnvQ9dSLQM4PQ==",
        "dependencies": {}
      },
      "@libsql/linux-x64-musl@0.4.4": {
        "integrity": "sha512-bRVqiBcRNsr7it23258sTP+NR3Pr1DmcLCbporyYFYeCxYNEFQXHd2JDWaGNqqu2iBEOp/P2nrjizSOlp5aCMQ==",
        "dependencies": {}
      },
      "@libsql/win32-x64-msvc@0.4.4": {
        "integrity": "sha512-Snqk2CB1uHL2dDtGizJEQR3oY5zWHRroXBp90J9VmMeZgqwfU+Ivgj1WaFzz980efxsPvqK1BoFxqG316BksjA==",
        "dependencies": {}
      },
      "@neon-rs/load@0.0.4": {
        "integrity": "sha512-kTPhdZyTQxB+2wpiRcFWrDcejc4JI6tkPuS7UZCG4l6Zvc5kU/gGQ/ozvHTh1XR5tS+UlfAfGuPajjzQjCiHCw==",
        "dependencies": {}
      },
      "@types/node@18.16.19": {
        "integrity": "sha512-IXl7o+R9iti9eBW4Wg2hx1xQDig183jj7YLn8F7udNceyfkbn1ZxmzZXuak20gR40D7pIkIY1kYGx5VIGbaHKA==",
        "dependencies": {}
      },
      "@types/ws@8.5.12": {
        "integrity": "sha512-3tPRkv1EtkDpzlgyKyI8pGsGZAGPEaXeu0DOj5DI25Ja91bdAYddYHbADRYVrZMRbfW+1l5YwXVDKohDJNQxkQ==",
        "dependencies": {
          "@types/node": "@types/node@18.16.19"
        }
      },
      "csv-parser@3.0.0": {
        "integrity": "sha512-s6OYSXAK3IdKqYO33y09jhypG/bSDHPuyCme/IdEHfWpLf/jKcpitVFyOC6UemgGk8v7Q5u2XE0vvwmanxhGlQ==",
        "dependencies": {
          "minimist": "minimist@1.2.8"
        }
      },
      "data-uri-to-buffer@4.0.1": {
        "integrity": "sha512-0R9ikRb668HB7QDxT1vkpuUBtqc53YyAwMwGeUFKRojY/NWKvdZ+9UYtRfGmhqNbRkTSVpMbmyhXipFFv2cb/A==",
        "dependencies": {}
      },
      "detect-libc@2.0.2": {
        "integrity": "sha512-UX6sGumvvqSaXgdKGUsgZWqcUyIXZ/vZTrlRT/iobiKhGL0zL4d3osHj3uqllWJK+i+sixDS/3COVEOFbupFyw==",
        "dependencies": {}
      },
      "fetch-blob@3.2.0": {
        "integrity": "sha512-7yAQpD2UMJzLi1Dqv7qFYnPbaPx7ZfFK6PiIxQ4PfkGPyNyl2Ugx+a/umUonmKqjhM4DnfbMvdX6otXq83soQQ==",
        "dependencies": {
          "node-domexception": "node-domexception@1.0.0",
          "web-streams-polyfill": "web-streams-polyfill@3.3.3"
        }
      },
      "formdata-polyfill@4.0.10": {
        "integrity": "sha512-buewHzMvYL29jdeQTVILecSaZKnt/RJWjoZCF5OW60Z67/GmSLBkOFM7qh1PI3zFNtJbaZL5eQu1vLfazOwj4g==",
        "dependencies": {
          "fetch-blob": "fetch-blob@3.2.0"
        }
      },
      "js-base64@3.7.7": {
        "integrity": "sha512-7rCnleh0z2CkXhH67J8K1Ytz0b2Y+yxTPL+/KOJoa20hfnVQ/3/T6W/KflYI4bRHRagNeXeU2bkNGI3v1oS/lw==",
        "dependencies": {}
      },
      "libsql@0.4.4": {
        "integrity": "sha512-Ub1YDlfAKOst9xoHMOb1dhgcu8qkMP6IM+xZoEptQuPtFe+w3ShRvJMa9FvI7FI5EEG/B4FXLLXPS9utMQq5xQ==",
        "dependencies": {
          "@libsql/darwin-arm64": "@libsql/darwin-arm64@0.4.4",
          "@libsql/darwin-x64": "@libsql/darwin-x64@0.4.4",
          "@libsql/linux-arm64-gnu": "@libsql/linux-arm64-gnu@0.4.4",
          "@libsql/linux-arm64-musl": "@libsql/linux-arm64-musl@0.4.4",
          "@libsql/linux-x64-gnu": "@libsql/linux-x64-gnu@0.4.4",
          "@libsql/linux-x64-musl": "@libsql/linux-x64-musl@0.4.4",
          "@libsql/win32-x64-msvc": "@libsql/win32-x64-msvc@0.4.4",
          "@neon-rs/load": "@neon-rs/load@0.0.4",
          "detect-libc": "detect-libc@2.0.2"
        }
      },
      "minimist@1.2.8": {
        "integrity": "sha512-2yyAR8qBkN3YuheJanUpWC5U3bb5osDywNB8RzDVlDwDHbocAJveqqj1u8+SVD7jkWT4yvsHCpWqqWqAxb0zCA==",
        "dependencies": {}
      },
      "node-domexception@1.0.0": {
        "integrity": "sha512-/jKZoMpw0F8GRwl4/eLROPA3cfcXtLApP0QzLmUT/HuPCZWyB7IY9ZrMeKw2O/nFIqPQB3PVM9aYm0F312AXDQ==",
        "dependencies": {}
      },
      "node-fetch@3.3.2": {
        "integrity": "sha512-dRB78srN/l6gqWulah9SrxeYnxeddIG30+GOqK/9OlLVyLg3HPnr6SqOWTWOXKRwC2eGYCkZ59NNuSgvSrpgOA==",
        "dependencies": {
          "data-uri-to-buffer": "data-uri-to-buffer@4.0.1",
          "fetch-blob": "fetch-blob@3.2.0",
          "formdata-polyfill": "formdata-polyfill@4.0.10"
        }
      },
      "promise-limit@2.7.0": {
        "integrity": "sha512-7nJ6v5lnJsXwGprnGXga4wx6d1POjvi5Qmf1ivTRxTjH4Z/9Czja/UCMLVmB9N93GeWOU93XaFaEt6jbuoagNw==",
        "dependencies": {}
      },
      "web-streams-polyfill@3.3.3": {
        "integrity": "sha512-d2JWLCivmZYTSIoge9MsgFCZrt571BikcWGYkjC1khllbTeDlGqZ2D8vD8E/lJa8WGWbb7Plm8/XJYV7IJHZZw==",
        "dependencies": {}
      },
      "ws@8.18.0": {
        "integrity": "sha512-8VbfWfHLbbwu3+N6OKsOMpBdT4kXPDDB9cJk2bJ6mh9ucxdlnNvH1e+roYkKmN9Nxw2yjz7VzeO9oOz2zJ04Pw==",
        "dependencies": {}
      }
    }
  },
  "remote": {},
  "workspace": {
    "dependencies": [
      "jsr:@hono/hono@^4.6.1",
      "npm:@libsql/client@^0.10.0",
      "npm:csv-parser@^3.0.0"
    ]
  }
}
